// !$*UTF8*$!
{
	archiveVersion = 1;
	classes = {
	};
	objectVersion = 46;
	objects = {

/* Begin PBXBuildFile section */
		81EEBF3E1CEDD4750011116D /* 1.png in Resources */ = {isa = PBXBuildFile; fileRef = 81EEBF3D1CEDD4750011116D /* 1.png */; };
		B8D86FFA1CB88A9000451982 /* main.m in Sources */ = {isa = PBXBuildFile; fileRef = B8D86FF91CB88A9000451982 /* main.m */; };
		B8D86FFD1CB88A9000451982 /* AppDelegate.m in Sources */ = {isa = PBXBuildFile; fileRef = B8D86FFC1CB88A9000451982 /* AppDelegate.m */; };
		B8D870001CB88A9000451982 /* ViewController.m in Sources */ = {isa = PBXBuildFile; fileRef = B8D86FFF1CB88A9000451982 /* ViewController.m */; };
		B8D870031CB88A9000451982 /* Main.storyboard in Resources */ = {isa = PBXBuildFile; fileRef = B8D870011CB88A9000451982 /* Main.storyboard */; };
		B8D870051CB88A9000451982 /* Assets.xcassets in Resources */ = {isa = PBXBuildFile; fileRef = B8D870041CB88A9000451982 /* Assets.xcassets */; };
		B8D870081CB88A9000451982 /* LaunchScreen.storyboard in Resources */ = {isa = PBXBuildFile; fileRef = B8D870061CB88A9000451982 /* LaunchScreen.storyboard */; };
		B8D870131CB88A9000451982 /* moveSideTests.m in Sources */ = {isa = PBXBuildFile; fileRef = B8D870121CB88A9000451982 /* moveSideTests.m */; };
		B8D8701E1CB88A9000451982 /* moveSideUITests.m in Sources */ = {isa = PBXBuildFile; fileRef = B8D8701D1CB88A9000451982 /* moveSideUITests.m */; };
		B8D8702D1CB88AAA00451982 /* MoveSideView.m in Sources */ = {isa = PBXBuildFile; fileRef = B8D8702C1CB88AAA00451982 /* MoveSideView.m */; };
		B8D870301CB88C8200451982 /* SideCell.m in Sources */ = {isa = PBXBuildFile; fileRef = B8D8702F1CB88C8200451982 /* SideCell.m */; };
		B8D870831CB9562800451982 /* SideModel.m in Sources */ = {isa = PBXBuildFile; fileRef = B8D870821CB9562800451982 /* SideModel.m */; };
		B8D870861CB959F800451982 /* WLColView.m in Sources */ = {isa = PBXBuildFile; fileRef = B8D870851CB959F800451982 /* WLColView.m */; };
		B8D8708C1CB9678700451982 /* NowCell.m in Sources */ = {isa = PBXBuildFile; fileRef = B8D8708B1CB9678700451982 /* NowCell.m */; };
/* End PBXBuildFile section */

/* Begin PBXContainerItemProxy section */
		B8D8700F1CB88A9000451982 /* PBXContainerItemProxy */ = {
			isa = PBXContainerItemProxy;
			containerPortal = B8D86FED1CB88A9000451982 /* Project object */;
			proxyType = 1;
			remoteGlobalIDString = B8D86FF41CB88A9000451982;
			remoteInfo = moveSide;
		};
		B8D8701A1CB88A9000451982 /* PBXContainerItemProxy */ = {
			isa = PBXContainerItemProxy;
			containerPortal = B8D86FED1CB88A9000451982 /* Project object */;
			proxyType = 1;
			remoteGlobalIDString = B8D86FF41CB88A9000451982;
			remoteInfo = moveSide;
		};
/* End PBXContainerItemProxy section */

/* Begin PBXFileReference section */
		81EEBF3D1CEDD4750011116D /* 1.png */ = {isa = PBXFileReference; lastKnownFileType = image.png; path = 1.png; sourceTree = "<group>"; };
		B8D86FF51CB88A9000451982 /* moveSide.app */ = {isa = PBXFileReference; explicitFileType = wrapper.application; includeInIndex = 0; path = moveSide.app; sourceTree = BUILT_PRODUCTS_DIR; };
		B8D86FF91CB88A9000451982 /* main.m */ = {isa = PBXFileReference; lastKnownFileType = sourcecode.c.objc; path = main.m; sourceTree = "<group>"; };
		B8D86FFB1CB88A9000451982 /* AppDelegate.h */ = {isa = PBXFileReference; lastKnownFileType = sourcecode.c.h; path = AppDelegate.h; sourceTree = "<group>"; };
		B8D86FFC1CB88A9000451982 /* AppDelegate.m */ = {isa = PBXFileReference; lastKnownFileType = sourcecode.c.objc; path = AppDelegate.m; sourceTree = "<group>"; };
		B8D86FFE1CB88A9000451982 /* ViewController.h */ = {isa = PBXFileReference; lastKnownFileType = sourcecode.c.h; path = ViewController.h; sourceTree = "<group>"; };
		B8D86FFF1CB88A9000451982 /* ViewController.m */ = {isa = PBXFileReference; lastKnownFileType = sourcecode.c.objc; path = ViewController.m; sourceTree = "<group>"; };
		B8D870021CB88A9000451982 /* Base */ = {isa = PBXFileReference; lastKnownFileType = file.storyboard; name = Base; path = Base.lproj/Main.storyboard; sourceTree = "<group>"; };
		B8D870041CB88A9000451982 /* Assets.xcassets */ = {isa = PBXFileReference; lastKnownFileType = folder.assetcatalog; path = Assets.xcassets; sourceTree = "<group>"; };
		B8D870071CB88A9000451982 /* Base */ = {isa = PBXFileReference; lastKnownFileType = file.storyboard; name = Base; path = Base.lproj/LaunchScreen.storyboard; sourceTree = "<group>"; };
		B8D870091CB88A9000451982 /* Info.plist */ = {isa = PBXFileReference; lastKnownFileType = text.plist.xml; path = Info.plist; sourceTree = "<group>"; };
		B8D8700E1CB88A9000451982 /* moveSideTests.xctest */ = {isa = PBXFileReference; explicitFileType = wrapper.cfbundle; includeInIndex = 0; path = moveSideTests.xctest; sourceTree = BUILT_PRODUCTS_DIR; };
		B8D870121CB88A9000451982 /* moveSideTests.m */ = {isa = PBXFileReference; lastKnownFileType = sourcecode.c.objc; path = moveSideTests.m; sourceTree = "<group>"; };
		B8D870141CB88A9000451982 /* Info.plist */ = {isa = PBXFileReference; lastKnownFileType = text.plist.xml; path = Info.plist; sourceTree = "<group>"; };
		B8D870191CB88A9000451982 /* moveSideUITests.xctest */ = {isa = PBXFileReference; explicitFileType = wrapper.cfbundle; includeInIndex = 0; path = moveSideUITests.xctest; sourceTree = BUILT_PRODUCTS_DIR; };
		B8D8701D1CB88A9000451982 /* moveSideUITests.m */ = {isa = PBXFileReference; lastKnownFileType = sourcecode.c.objc; path = moveSideUITests.m; sourceTree = "<group>"; };
		B8D8701F1CB88A9000451982 /* Info.plist */ = {isa = PBXFileReference; lastKnownFileType = text.plist.xml; path = Info.plist; sourceTree = "<group>"; };
		B8D8702B1CB88AAA00451982 /* MoveSideView.h */ = {isa = PBXFileReference; fileEncoding = 4; lastKnownFileType = sourcecode.c.h; path = MoveSideView.h; sourceTree = "<group>"; };
		B8D8702C1CB88AAA00451982 /* MoveSideView.m */ = {isa = PBXFileReference; fileEncoding = 4; lastKnownFileType = sourcecode.c.objc; path = MoveSideView.m; sourceTree = "<group>"; };
		B8D8702E1CB88C8200451982 /* SideCell.h */ = {isa = PBXFileReference; fileEncoding = 4; lastKnownFileType = sourcecode.c.h; path = SideCell.h; sourceTree = "<group>"; };
		B8D8702F1CB88C8200451982 /* SideCell.m */ = {isa = PBXFileReference; fileEncoding = 4; lastKnownFileType = sourcecode.c.objc; path = SideCell.m; sourceTree = "<group>"; };
		B8D870811CB9562800451982 /* SideModel.h */ = {isa = PBXFileReference; fileEncoding = 4; lastKnownFileType = sourcecode.c.h; path = SideModel.h; sourceTree = "<group>"; };
		B8D870821CB9562800451982 /* SideModel.m */ = {isa = PBXFileReference; fileEncoding = 4; lastKnownFileType = sourcecode.c.objc; path = SideModel.m; sourceTree = "<group>"; };
		B8D870841CB959F800451982 /* WLColView.h */ = {isa = PBXFileReference; fileEncoding = 4; lastKnownFileType = sourcecode.c.h; path = WLColView.h; sourceTree = "<group>"; };
		B8D870851CB959F800451982 /* WLColView.m */ = {isa = PBXFileReference; fileEncoding = 4; lastKnownFileType = sourcecode.c.objc; path = WLColView.m; sourceTree = "<group>"; };
		B8D8708A1CB9678700451982 /* NowCell.h */ = {isa = PBXFileReference; fileEncoding = 4; lastKnownFileType = sourcecode.c.h; path = NowCell.h; sourceTree = "<group>"; };
		B8D8708B1CB9678700451982 /* NowCell.m */ = {isa = PBXFileReference; fileEncoding = 4; lastKnownFileType = sourcecode.c.objc; path = NowCell.m; sourceTree = "<group>"; };
/* End PBXFileReference section */

/* Begin PBXFrameworksBuildPhase section */
		B8D86FF21CB88A9000451982 /* Frameworks */ = {
			isa = PBXFrameworksBuildPhase;
			buildActionMask = 2147483647;
			files = (
			);
			runOnlyForDeploymentPostprocessing = 0;
		};
		B8D8700B1CB88A9000451982 /* Frameworks */ = {
			isa = PBXFrameworksBuildPhase;
			buildActionMask = 2147483647;
			files = (
			);
			runOnlyForDeploymentPostprocessing = 0;
		};
		B8D870161CB88A9000451982 /* Frameworks */ = {
			isa = PBXFrameworksBuildPhase;
			buildActionMask = 2147483647;
			files = (
			);
			runOnlyForDeploymentPostprocessing = 0;
		};
/* End PBXFrameworksBuildPhase section */

/* Begin PBXGroup section */
		B8D86FEC1CB88A9000451982 = {
			isa = PBXGroup;
			children = (
				B8D86FF71CB88A9000451982 /* moveSide */,
				B8D870111CB88A9000451982 /* moveSideTests */,
				B8D8701C1CB88A9000451982 /* moveSideUITests */,
				B8D86FF61CB88A9000451982 /* Products */,
			);
			sourceTree = "<group>";
		};
		B8D86FF61CB88A9000451982 /* Products */ = {
			isa = PBXGroup;
			children = (
				B8D86FF51CB88A9000451982 /* moveSide.app */,
				B8D8700E1CB88A9000451982 /* moveSideTests.xctest */,
				B8D870191CB88A9000451982 /* moveSideUITests.xctest */,
			);
			name = Products;
			sourceTree = "<group>";
		};
		B8D86FF71CB88A9000451982 /* moveSide */ = {
			isa = PBXGroup;
			children = (
				B8D86FFB1CB88A9000451982 /* AppDelegate.h */,
				B8D86FFC1CB88A9000451982 /* AppDelegate.m */,
				B8D86FFE1CB88A9000451982 /* ViewController.h */,
				B8D86FFF1CB88A9000451982 /* ViewController.m */,
				B8D8702B1CB88AAA00451982 /* MoveSideView.h */,
				B8D8702C1CB88AAA00451982 /* MoveSideView.m */,
				B8D8708A1CB9678700451982 /* NowCell.h */,
				B8D8708B1CB9678700451982 /* NowCell.m */,
				B8D8707D1CB9530500451982 /* Move */,
				B8D870011CB88A9000451982 /* Main.storyboard */,
				B8D870041CB88A9000451982 /* Assets.xcassets */,
				B8D870061CB88A9000451982 /* LaunchScreen.storyboard */,
				B8D870091CB88A9000451982 /* Info.plist */,
				B8D86FF81CB88A9000451982 /* Supporting Files */,
			);
			path = moveSide;
			sourceTree = "<group>";
		};
		B8D86FF81CB88A9000451982 /* Supporting Files */ = {
			isa = PBXGroup;
			children = (
				B8D86FF91CB88A9000451982 /* main.m */,
			);
			name = "Supporting Files";
			sourceTree = "<group>";
		};
		B8D870111CB88A9000451982 /* moveSideTests */ = {
			isa = PBXGroup;
			children = (
				B8D870121CB88A9000451982 /* moveSideTests.m */,
				B8D870141CB88A9000451982 /* Info.plist */,
			);
			path = moveSideTests;
			sourceTree = "<group>";
		};
		B8D8701C1CB88A9000451982 /* moveSideUITests */ = {
			isa = PBXGroup;
			children = (
				B8D8701D1CB88A9000451982 /* moveSideUITests.m */,
				B8D8701F1CB88A9000451982 /* Info.plist */,
			);
			path = moveSideUITests;
			sourceTree = "<group>";
		};
		B8D8707D1CB9530500451982 /* Move */ = {
			isa = PBXGroup;
			children = (
				81EEBF3D1CEDD4750011116D /* 1.png */,
				B8D8702E1CB88C8200451982 /* SideCell.h */,
				B8D8702F1CB88C8200451982 /* SideCell.m */,
				B8D870811CB9562800451982 /* SideModel.h */,
				B8D870821CB9562800451982 /* SideModel.m */,
				B8D870841CB959F800451982 /* WLColView.h */,
				B8D870851CB959F800451982 /* WLColView.m */,
			);
			name = Move;
			path = MoveView;
			sourceTree = "<group>";
		};
/* End PBXGroup section */

/* Begin PBXNativeTarget section */
		B8D86FF41CB88A9000451982 /* moveSide */ = {
			isa = PBXNativeTarget;
			buildConfigurationList = B8D870221CB88A9000451982 /* Build configuration list for PBXNativeTarget "moveSide" */;
			buildPhases = (
				B8D86FF11CB88A9000451982 /* Sources */,
				B8D86FF21CB88A9000451982 /* Frameworks */,
				B8D86FF31CB88A9000451982 /* Resources */,
			);
			buildRules = (
			);
			dependencies = (
			);
			name = moveSide;
			productName = moveSide;
			productReference = B8D86FF51CB88A9000451982 /* moveSide.app */;
			productType = "com.apple.product-type.application";
		};
		B8D8700D1CB88A9000451982 /* moveSideTests */ = {
			isa = PBXNativeTarget;
			buildConfigurationList = B8D870251CB88A9000451982 /* Build configuration list for PBXNativeTarget "moveSideTests" */;
			buildPhases = (
				B8D8700A1CB88A9000451982 /* Sources */,
				B8D8700B1CB88A9000451982 /* Frameworks */,
				B8D8700C1CB88A9000451982 /* Resources */,
			);
			buildRules = (
			);
			dependencies = (
				B8D870101CB88A9000451982 /* PBXTargetDependency */,
			);
			name = moveSideTests;
			productName = moveSideTests;
			productReference = B8D8700E1CB88A9000451982 /* moveSideTests.xctest */;
			productType = "com.apple.product-type.bundle.unit-test";
		};
		B8D870181CB88A9000451982 /* moveSideUITests */ = {
			isa = PBXNativeTarget;
			buildConfigurationList = B8D870281CB88A9000451982 /* Build configuration list for PBXNativeTarget "moveSideUITests" */;
			buildPhases = (
				B8D870151CB88A9000451982 /* Sources */,
				B8D870161CB88A9000451982 /* Frameworks */,
				B8D870171CB88A9000451982 /* Resources */,
			);
			buildRules = (
			);
			dependencies = (
				B8D8701B1CB88A9000451982 /* PBXTargetDependency */,
			);
			name = moveSideUITests;
			productName = moveSideUITests;
			productReference = B8D870191CB88A9000451982 /* moveSideUITests.xctest */;
			productType = "com.apple.product-type.bundle.ui-testing";
		};
/* End PBXNativeTarget section */

/* Begin PBXProject section */
		B8D86FED1CB88A9000451982 /* Project object */ = {
			isa = PBXProject;
			attributes = {
				LastUpgradeCheck = 0720;
				ORGANIZATIONNAME = Lenny;
				TargetAttributes = {
					B8D86FF41CB88A9000451982 = {
						CreatedOnToolsVersion = 7.2.1;
					};
					B8D8700D1CB88A9000451982 = {
						CreatedOnToolsVersion = 7.2.1;
						TestTargetID = B8D86FF41CB88A9000451982;
					};
					B8D870181CB88A9000451982 = {
						CreatedOnToolsVersion = 7.2.1;
						TestTargetID = B8D86FF41CB88A9000451982;
					};
				};
			};
			buildConfigurationList = B8D86FF01CB88A9000451982 /* Build configuration list for PBXProject "moveSide" */;
			compatibilityVersion = "Xcode 3.2";
			developmentRegion = English;
			hasScannedForEncodings = 0;
			knownRegions = (
				en,
				Base,
			);
			mainGroup = B8D86FEC1CB88A9000451982;
			productRefGroup = B8D86FF61CB88A9000451982 /* Products */;
			projectDirPath = "";
			projectRoot = "";
			targets = (
				B8D86FF41CB88A9000451982 /* moveSide */,
				B8D8700D1CB88A9000451982 /* moveSideTests */,
				B8D870181CB88A9000451982 /* moveSideUITests */,
			);
		};
/* End PBXProject section */

/* Begin PBXResourcesBuildPhase section */
		B8D86FF31CB88A9000451982 /* Resources */ = {
			isa = PBXResourcesBuildPhase;
			buildActionMask = 2147483647;
			files = (
				B8D870081CB88A9000451982 /* LaunchScreen.storyboard in Resources */,
				81EEBF3E1CEDD4750011116D /* 1.png in Resources */,
				B8D870051CB88A9000451982 /* Assets.xcassets in Resources */,
				B8D870031CB88A9000451982 /* Main.storyboard in Resources */,
			);
			runOnlyForDeploymentPostprocessing = 0;
		};
		B8D8700C1CB88A9000451982 /* Resources */ = {
			isa = PBXResourcesBuildPhase;
			buildActionMask = 2147483647;
			files = (
			);
			runOnlyForDeploymentPostprocessing = 0;
		};
		B8D870171CB88A9000451982 /* Resources */ = {
			isa = PBXResourcesBuildPhase;
			buildActionMask = 2147483647;
			files = (
			);
			runOnlyForDeploymentPostprocessing = 0;
		};
/* End PBXResourcesBuildPhase section */

/* Begin PBXSourcesBuildPhase section */
		B8D86FF11CB88A9000451982 /* Sources */ = {
			isa = PBXSourcesBuildPhase;
			buildActionMask = 2147483647;
			files = (
				B8D8708C1CB9678700451982 /* NowCell.m in Sources */,
				B8D8702D1CB88AAA00451982 /* MoveSideView.m in Sources */,
				B8D870001CB88A9000451982 /* ViewController.m in Sources */,
				B8D870301CB88C8200451982 /* SideCell.m in Sources */,
				B8D870861CB959F800451982 /* WLColView.m in Sources */,
				B8D86FFD1CB88A9000451982 /* AppDelegate.m in Sources */,
				B8D86FFA1CB88A9000451982 /* main.m in Sources */,
				B8D870831CB9562800451982 /* SideModel.m in Sources */,
			);
			runOnlyForDeploymentPostprocessing = 0;
		};
		B8D8700A1CB88A9000451982 /* Sources */ = {
			isa = PBXSourcesBuildPhase;
			buildActionMask = 2147483647;
			files = (
				B8D870131CB88A9000451982 /* moveSideTests.m in Sources */,
			);
			runOnlyForDeploymentPostprocessing = 0;
		};
		B8D870151CB88A9000451982 /* Sources */ = {
			isa = PBXSourcesBuildPhase;
			buildActionMask = 2147483647;
			files = (
				B8D8701E1CB88A9000451982 /* moveSideUITests.m in Sources */,
			);
			runOnlyForDeploymentPostprocessing = 0;
		};
/* End PBXSourcesBuildPhase section */

/* Begin PBXTargetDependency section */
		B8D870101CB88A9000451982 /* PBXTargetDependency */ = {
			isa = PBXTargetDependency;
			target = B8D86FF41CB88A9000451982 /* moveSide */;
			targetProxy = B8D8700F1CB88A9000451982 /* PBXContainerItemProxy */;
		};
		B8D8701B1CB88A9000451982 /* PBXTargetDependency */ = {
			isa = PBXTargetDependency;
			target = B8D86FF41CB88A9000451982 /* moveSide */;
			targetProxy = B8D8701A1CB88A9000451982 /* PBXContainerItemProxy */;
		};
/* End PBXTargetDependency section */

/* Begin PBXVariantGroup section */
		B8D870011CB88A9000451982 /* Main.storyboard */ = {
			isa = PBXVariantGroup;
			children = (
				B8D870021CB88A9000451982 /* Base */,
			);
			name = Main.storyboard;
			sourceTree = "<group>";
		};
		B8D870061CB88A9000451982 /* LaunchScreen.storyboard */ = {
			isa = PBXVariantGroup;
			children = (
				B8D870071CB88A9000451982 /* Base */,
			);
			name = LaunchScreen.storyboard;
			sourceTree = "<group>";
		};
/* End PBXVariantGroup section */

/* Begin XCBuildConfiguration section */
		B8D870201CB88A9000451982 /* Debug */ = {
			isa = XCBuildConfiguration;
			buildSettings = {
				ALWAYS_SEARCH_USER_PATHS = NO;
				CLANG_CXX_LANGUAGE_STANDARD = "gnu++0x";
				CLANG_CXX_LIBRARY = "libc++";
				CLANG_ENABLE_MODULES = YES;
				CLANG_ENABLE_OBJC_ARC = YES;
				CLANG_WARN_BOOL_CONVERSION = YES;
				CLANG_WARN_CONSTANT_CONVERSION = YES;
				CLANG_WARN_DIRECT_OBJC_ISA_USAGE = YES_ERROR;
				CLANG_WARN_EMPTY_BODY = YES;
				CLANG_WARN_ENUM_CONVERSION = YES;
				CLANG_WARN_INT_CONVERSION = YES;
				CLANG_WARN_OBJC_ROOT_CLASS = YES_ERROR;
				CLANG_WARN_UNREACHABLE_CODE = YES;
				CLANG_WARN__DUPLICATE_METHOD_MATCH = YES;
				"CODE_SIGN_IDENTITY[sdk=iphoneos*]" = "iPhone Developer";
				COPY_PHASE_STRIP = NO;
				DEBUG_INFORMATION_FORMAT = dwarf;
				ENABLE_STRICT_OBJC_MSGSEND = YES;
				ENABLE_TESTABILITY = YES;
				GCC_C_LANGUAGE_STANDARD = gnu99;
				GCC_DYNAMIC_NO_PIC = NO;
				GCC_NO_COMMON_BLOCKS = YES;
				GCC_OPTIMIZATION_LEVEL = 0;
				GCC_PREPROCESSOR_DEFINITIONS = (
					"DEBUG=1",
					"$(inherited)",
				);
				GCC_WARN_64_TO_32_BIT_CONVERSION = YES;
				GCC_WARN_ABOUT_RETURN_TYPE = YES_ERROR;
				GCC_WARN_UNDECLARED_SELECTOR = YES;
				GCC_WARN_UNINITIALIZED_AUTOS = YES_AGGRESSIVE;
				GCC_WARN_UNUSED_FUNCTION = YES;
				GCC_WARN_UNUSED_VARIABLE = YES;
				IPHONEOS_DEPLOYMENT_TARGET = 9.2;
				MTL_ENABLE_DEBUG_INFO = YES;
				ONLY_ACTIVE_ARCH = YES;
				SDKROOT = iphoneos;
				TARGETED_DEVICE_FAMILY = "1,2";
			};
			name = Debug;
		};
		B8D870211CB88A9000451982 /* Release */ = {
			isa = XCBuildConfiguration;
			buildSettings = {
				ALWAYS_SEARCH_USER_PATHS = NO;
				CLANG_CXX_LANGUAGE_STANDARD = "gnu++0x";
				CLANG_CXX_LIBRARY = "libc++";
				CLANG_ENABLE_MODULES = YES;
				CLANG_ENABLE_OBJC_ARC = YES;
				CLANG_WARN_BOOL_CONVERSION = YES;
				CLANG_WARN_CONSTANT_CONVERSION = YES;
				CLANG_WARN_DIRECT_OBJC_ISA_USAGE = YES_ERROR;
				CLANG_WARN_EMPTY_BODY = YES;
				CLANG_WARN_ENUM_CONVERSION = YES;
				CLANG_WARN_INT_CONVERSION = YES;
				CLANG_WARN_OBJC_ROOT_CLASS = YES_ERROR;
				CLANG_WARN_UNREACHABLE_CODE = YES;
				CLANG_WARN__DUPLICATE_METHOD_MATCH = YES;
				"CODE_SIGN_IDENTITY[sdk=iphoneos*]" = "iPhone Developer";
				COPY_PHASE_STRIP = NO;
				DEBUG_INFORMATION_FORMAT = "dwarf-with-dsym";
				ENABLE_NS_ASSERTIONS = NO;
				ENABLE_STRICT_OBJC_MSGSEND = YES;
				GCC_C_LANGUAGE_STANDARD = gnu99;
				GCC_NO_COMMON_BLOCKS = YES;
				GCC_WARN_64_TO_32_BIT_CONVERSION = YES;
				GCC_WARN_ABOUT_RETURN_TYPE = YES_ERROR;
				GCC_WARN_UNDECLARED_SELECTOR = YES;
				GCC_WARN_UNINITIALIZED_AUTOS = YES_AGGRESSIVE;
				GCC_WARN_UNUSED_FUNCTION = YES;
				GCC_WARN_UNUSED_VARIABLE = YES;
				IPHONEOS_DEPLOYMENT_TARGET = 9.2;
				MTL_ENABLE_DEBUG_INFO = NO;
				SDKROOT = iphoneos;
				TARGETED_DEVICE_FAMILY = "1,2";
				VALIDATE_PRODUCT = YES;
			};
			name = Release;
		};
		B8D870231CB88A9000451982 /* Debug */ = {
			isa = XCBuildConfiguration;
			buildSettings = {
				ASSETCATALOG_COMPILER_APPICON_NAME = AppIcon;
				INFOPLIST_FILE = moveSide/Info.plist;
				LD_RUNPATH_SEARCH_PATHS = "$(inherited) @executable_path/Frameworks";
				PRODUCT_BUNDLE_IDENTIFIER = test.moveSide;
				PRODUCT_NAME = "$(TARGET_NAME)";
			};
			name = Debug;
		};
		B8D870241CB88A9000451982 /* Release */ = {
			isa = XCBuildConfiguration;
			buildSettings = {
				ASSETCATALOG_COMPILER_APPICON_NAME = AppIcon;
				INFOPLIST_FILE = moveSide/Info.plist;
				LD_RUNPATH_SEARCH_PATHS = "$(inherited) @executable_path/Frameworks";
				PRODUCT_BUNDLE_IDENTIFIER = test.moveSide;
				PRODUCT_NAME = "$(TARGET_NAME)";
			};
			name = Release;
		};
		B8D870261CB88A9000451982 /* Debug */ = {
			isa = XCBuildConfiguration;
			buildSettings = {
				BUNDLE_LOADER = "$(TEST_HOST)";
				INFOPLIST_FILE = moveSideTests/Info.plist;
				LD_RUNPATH_SEARCH_PATHS = "$(inherited) @executable_path/Frameworks @loader_path/Frameworks";
				PRODUCT_BUNDLE_IDENTIFIER = test.moveSideTests;
				PRODUCT_NAME = "$(TARGET_NAME)";
				TEST_HOST = "$(BUILT_PRODUCTS_DIR)/moveSide.app/moveSide";
			};
			name = Debug;
		};
		B8D870271CB88A9000451982 /* Release */ = {
			isa = XCBuildConfiguration;
			buildSettings = {
				BUNDLE_LOADER = "$(TEST_HOST)";
				INFOPLIST_FILE = moveSideTests/Info.plist;
				LD_RUNPATH_SEARCH_PATHS = "$(inherited) @executable_path/Frameworks @loader_path/Frameworks";
				PRODUCT_BUNDLE_IDENTIFIER = test.moveSideTests;
				PRODUCT_NAME = "$(TARGET_NAME)";
				TEST_HOST = "$(BUILT_PRODUCTS_DIR)/moveSide.app/moveSide";
			};
			name = Release;
		};
		B8D870291CB88A9000451982 /* Debug */ = {
			isa = XCBuildConfiguration;
			buildSettings = {
				INFOPLIST_FILE = moveSideUITests/Info.plist;
				LD_RUNPATH_SEARCH_PATHS = "$(inherited) @executable_path/Frameworks @loader_path/Frameworks";
				PRODUCT_BUNDLE_IDENTIFIER = test.moveSideUITests;
				PRODUCT_NAME = "$(TARGET_NAME)";
				TEST_TARGET_NAME = moveSide;
				USES_XCTRUNNER = YES;
			};
			name = Debug;
		};
		B8D8702A1CB88A9000451982 /* Release */ = {
			isa = XCBuildConfiguration;
			buildSettings = {
				INFOPLIST_FILE = moveSideUITests/Info.plist;
				LD_RUNPATH_SEARCH_PATHS = "$(inherited) @executable_path/Frameworks @loader_path/Frameworks";
				PRODUCT_BUNDLE_IDENTIFIER = test.moveSideUITests;
				PRODUCT_NAME = "$(TARGET_NAME)";
				TEST_TARGET_NAME = moveSide;
				USES_XCTRUNNER = YES;
			};
			name = Release;
		};
/* End XCBuildConfiguration section */

/* Begin XCConfigurationList section */
		B8D86FF01CB88A9000451982 /* Build configuration list for PBXProject "moveSide" */ = {
			isa = XCConfigurationList;
			buildConfigurations = (
				B8D870201CB88A9000451982 /* Debug */,
				B8D870211CB88A9000451982 /* Release */,
			);
			defaultConfigurationIsVisible = 0;
			defaultConfigurationName = Release;
		};
		B8D870221CB88A9000451982 /* Build configuration list for PBXNativeTarget "moveSide" */ = {
			isa = XCConfigurationList;
			buildConfigurations = (
				B8D870231CB88A9000451982 /* Debug */,
				B8D870241CB88A9000451982 /* Release */,
			);
			defaultConfigurationIsVisible = 0;
			defaultConfigurationName = Release;
		};
		B8D870251CB88A9000451982 /* Build configuration list for PBXNativeTarget "moveSideTests" */ = {
			isa = XCConfigurationList;
			buildConfigurations = (
				B8D870261CB88A9000451982 /* Debug */,
				B8D870271CB88A9000451982 /* Release */,
			);
			defaultConfigurationIsVisible = 0;
			defaultConfigurationName = Release;
		};
		B8D870281CB88A9000451982 /* Build configuration list for PBXNativeTarget "moveSideUITests" */ = {
			isa = XCConfigurationList;
			buildConfigurations = (
				B8D870291CB88A9000451982 /* Debug */,
				B8D8702A1CB88A9000451982 /* Release */,
			);
			defaultConfigurationIsVisible = 0;
			defaultConfigurationName = Release;
		};
/* End XCConfigurationList section */
	};
	rootObject = B8D86FED1CB88A9000451982 /* Project object */;
}
